
Microsoft Visual Studio Solution File, Format Version 12.00
# Visual Studio 15
VisualStudioVersion = 15.0.27130.2027
MinimumVisualStudioVersion = 10.0.40219.1
Project("{8BC9CEB8-8B4A-11D0-8D11-00A0C91BC942}") = "webgl2-triangle", "webgl2-triangle.vcxproj", "{9DAC8DCE-D171-43BC-B620-BF689932CCEA}"
EndProject
Global
	GlobalSection(SolutionConfigurationPlatforms) = preSolution
		Debug|x64 = Debug|x64
		Release|x64 = Release|x64
	EndGlobalSection
	GlobalSection(ProjectConfigurationPlatforms) = postSolution
		{9DAC8DCE-D171-43BC-B620-BF689932CCEA}.Debug|x64.ActiveCfg = Debug|x64
		{9DAC8DCE-D171-43BC-B620-BF689932CCEA}.Debug|x64.Build.0 = Debug|x64
		{9DAC8DCE-D171-43BC-B620-BF689932CCEA}.Release|x64.ActiveCfg = Release|x64
		{9DAC8DCE-D171-43BC-B620-BF689932CCEA}.Release|x64.Build.0 = Release|x64
	EndGlobalSection
	GlobalSection(SolutionProperties) = preSolution
		HideSolutionNode = FALSE
	EndGlobalSection
	GlobalSection(ExtensibilityGlobals) = postSolution
		SolutionGuid = {9134A180-89A7-4CB9-8124-6A997FBCD475}
	EndGlobalSection
EndGlobal
